
Microsoft Visual Studio Solution File, Format Version 12.00
# Visual Studio Version 17
VisualStudioVersion = 17.0.31903.59
MinimumVisualStudioVersion = 10.0.40219.1
Project("{2150E333-8FDC-42A3-9474-1A3956D46DE8}") = "src", "src", "{827E0CD3-B72D-47B6-A68D-7590B98EB39B}"
EndProject
Project("{2150E333-8FDC-42A3-9474-1A3956D46DE8}") = "BuildingBlocks", "BuildingBlocks", "{90298CBA-BD6F-3A0A-69D5-97CAD7B05E7E}"
EndProject
Project("{2150E333-8FDC-42A3-9474-1A3956D46DE8}") = "Common", "Common", "{F8284A3B-6172-4543-FC74-2C149A4C2E29}"
EndProject
Project("{FAE04EC0-301F-11D3-BF4B-00C04F79EFBC}") = "YiPix.BuildingBlocks.Common", "src\BuildingBlocks\Common\YiPix.BuildingBlocks.Common.csproj", "{024870C8-119A-49E2-92FB-5733D24C1A80}"
EndProject
Project("{FAE04EC0-301F-11D3-BF4B-00C04F79EFBC}") = "YiPix.BuildingBlocks.Contracts", "src\BuildingBlocks\Contracts\YiPix.BuildingBlocks.Contracts.csproj", "{271D92D8-B6D4-46C6-BEB8-CC66601AD9C1}"
EndProject
Project("{FAE04EC0-301F-11D3-BF4B-00C04F79EFBC}") = "YiPix.BuildingBlocks.EventBus", "src\BuildingBlocks\EventBus\YiPix.BuildingBlocks.EventBus.csproj", "{9FBB9810-B75D-49E1-8E00-B23A9F22CED3}"
EndProject
Project("{FAE04EC0-301F-11D3-BF4B-00C04F79EFBC}") = "YiPix.BuildingBlocks.Logging", "src\BuildingBlocks\Logging\YiPix.BuildingBlocks.Logging.csproj", "{E24C4118-1AA4-4902-9965-0893B8746055}"
EndProject
Project("{FAE04EC0-301F-11D3-BF4B-00C04F79EFBC}") = "YiPix.BuildingBlocks.Security", "src\BuildingBlocks\Security\YiPix.BuildingBlocks.Security.csproj", "{02D4B738-A009-4515-A8D8-24F4E0658352}"
EndProject
Project("{2150E333-8FDC-42A3-9474-1A3956D46DE8}") = "Services", "Services", "{984BB9B3-3FA3-BE33-9484-CAC21695A33C}"
EndProject
Project("{2150E333-8FDC-42A3-9474-1A3956D46DE8}") = "AuthService", "AuthService", "{B0ED8887-1092-5A1A-EC04-2B6B0F6E9C33}"
EndProject
Project("{FAE04EC0-301F-11D3-BF4B-00C04F79EFBC}") = "YiPix.Services.Auth", "src\Services\AuthService\YiPix.Services.Auth.csproj", "{541507B4-2CBB-4666-ADAE-ADBD2DB7AD41}"
EndProject
Project("{FAE04EC0-301F-11D3-BF4B-00C04F79EFBC}") = "YiPix.Services.User", "src\Services\UserService\YiPix.Services.User.csproj", "{3B31E781-8756-4AF9-A285-2F7197DC9053}"
EndProject
Project("{FAE04EC0-301F-11D3-BF4B-00C04F79EFBC}") = "YiPix.Services.Subscription", "src\Services\SubscriptionService\YiPix.Services.Subscription.csproj", "{3D95CF86-CC2E-4F71-999C-C684FA35D00F}"
EndProject
Project("{FAE04EC0-301F-11D3-BF4B-00C04F79EFBC}") = "YiPix.Services.Payment", "src\Services\PaymentService\YiPix.Services.Payment.csproj", "{A5BEA071-2809-4296-974F-0C9F1BE901EE}"
EndProject
Project("{FAE04EC0-301F-11D3-BF4B-00C04F79EFBC}") = "YiPix.Services.Download", "src\Services\DownloadService\YiPix.Services.Download.csproj", "{56C337E4-435B-4603-B6EB-FBF95216F062}"
EndProject
Project("{FAE04EC0-301F-11D3-BF4B-00C04F79EFBC}") = "YiPix.Services.Product", "src\Services\ProductService\YiPix.Services.Product.csproj", "{C00EFE14-11B2-4039-B5E2-CDBBCEA11D0D}"
EndProject
Project("{FAE04EC0-301F-11D3-BF4B-00C04F79EFBC}") = "YiPix.Services.Analytics", "src\Services\AnalyticsService\YiPix.Services.Analytics.csproj", "{3284229A-E38A-4F4B-8FC3-2FD0B1C22DEC}"
EndProject
Project("{FAE04EC0-301F-11D3-BF4B-00C04F79EFBC}") = "YiPix.Services.TaskProcessing", "src\Services\TaskService\YiPix.Services.TaskProcessing.csproj", "{FEE6D8F0-7646-4B32-860F-5E5695829BC6}"
EndProject
Project("{FAE04EC0-301F-11D3-BF4B-00C04F79EFBC}") = "YiPix.Services.FileStorage", "src\Services\FileService\YiPix.Services.FileStorage.csproj", "{93DDA1A8-917E-4DD3-B010-596E96F44432}"
EndProject
Project("{2150E333-8FDC-42A3-9474-1A3956D46DE8}") = "Workers", "Workers", "{FE5F7021-A3C9-35C7-FF50-8DA81625868E}"
EndProject
Project("{2150E333-8FDC-42A3-9474-1A3956D46DE8}") = "AIWorker", "AIWorker", "{08385EEE-2777-6EBF-B640-5DBB7061E646}"
EndProject
Project("{FAE04EC0-301F-11D3-BF4B-00C04F79EFBC}") = "YiPix.Workers.AI", "src\Workers\AIWorker\YiPix.Workers.AI.csproj", "{DBD166B0-B6C2-4F13-9061-2BFBD9EBA1F6}"
EndProject
Project("{FAE04EC0-301F-11D3-BF4B-00C04F79EFBC}") = "YiPix.Workers.Webhook", "src\Workers\WebhookWorker\YiPix.Workers.Webhook.csproj", "{911ACFA8-5569-4984-8F4D-E5525532789E}"
EndProject
Project("{FAE04EC0-301F-11D3-BF4B-00C04F79EFBC}") = "YiPix.Workers.Analytics", "src\Workers\AnalyticsWorker\YiPix.Workers.Analytics.csproj", "{E5F7DD9B-175B-4545-B99F-E4949A9FB5CA}"
EndProject
Global
	GlobalSection(SolutionConfigurationPlatforms) = preSolution
		Debug|Any CPU = Debug|Any CPU
		Debug|x64 = Debug|x64
		Debug|x86 = Debug|x86
		Release|Any CPU = Release|Any CPU
		Release|x64 = Release|x64
		Release|x86 = Release|x86
	EndGlobalSection
	GlobalSection(ProjectConfigurationPlatforms) = postSolution
		{024870C8-119A-49E2-92FB-5733D24C1A80}.Debug|Any CPU.ActiveCfg = Debug|Any CPU
		{024870C8-119A-49E2-92FB-5733D24C1A80}.Debug|Any CPU.Build.0 = Debug|Any CPU
		{024870C8-119A-49E2-92FB-5733D24C1A80}.Debug|x64.ActiveCfg = Debug|Any CPU
		{024870C8-119A-49E2-92FB-5733D24C1A80}.Debug|x64.Build.0 = Debug|Any CPU
		{024870C8-119A-49E2-92FB-5733D24C1A80}.Debug|x86.ActiveCfg = Debug|Any CPU
		{024870C8-119A-49E2-92FB-5733D24C1A80}.Debug|x86.Build.0 = Debug|Any CPU
		{024870C8-119A-49E2-92FB-5733D24C1A80}.Release|Any CPU.ActiveCfg = Release|Any CPU
		{024870C8-119A-49E2-92FB-5733D24C1A80}.Release|Any CPU.Build.0 = Release|Any CPU
		{024870C8-119A-49E2-92FB-5733D24C1A80}.Release|x64.ActiveCfg = Release|Any CPU
		{024870C8-119A-49E2-92FB-5733D24C1A80}.Release|x64.Build.0 = Release|Any CPU
		{024870C8-119A-49E2-92FB-5733D24C1A80}.Release|x86.ActiveCfg = Release|Any CPU
		{024870C8-119A-49E2-92FB-5733D24C1A80}.Release|x86.Build.0 = Release|Any CPU
		{271D92D8-B6D4-46C6-BEB8-CC66601AD9C1}.Debug|Any CPU.ActiveCfg = Debug|Any CPU
		{271D92D8-B6D4-46C6-BEB8-CC66601AD9C1}.Debug|Any CPU.Build.0 = Debug|Any CPU
		{271D92D8-B6D4-46C6-BEB8-CC66601AD9C1}.Debug|x64.ActiveCfg = Debug|Any CPU
		{271D92D8-B6D4-46C6-BEB8-CC66601AD9C1}.Debug|x64.Build.0 = Debug|Any CPU
		{271D92D8-B6D4-46C6-BEB8-CC66601AD9C1}.Debug|x86.ActiveCfg = Debug|Any CPU
		{271D92D8-B6D4-46C6-BEB8-CC66601AD9C1}.Debug|x86.Build.0 = Debug|Any CPU
		{271D92D8-B6D4-46C6-BEB8-CC66601AD9C1}.Release|Any CPU.ActiveCfg = Release|Any CPU
		{271D92D8-B6D4-46C6-BEB8-CC66601AD9C1}.Release|Any CPU.Build.0 = Release|Any CPU
		{271D92D8-B6D4-46C6-BEB8-CC66601AD9C1}.Release|x64.ActiveCfg = Release|Any CPU
		{271D92D8-B6D4-46C6-BEB8-CC66601AD9C1}.Release|x64.Build.0 = Release|Any CPU
		{271D92D8-B6D4-46C6-BEB8-CC66601AD9C1}.Release|x86.ActiveCfg = Release|Any CPU
		{271D92D8-B6D4-46C6-BEB8-CC66601AD9C1}.Release|x86.Build.0 = Release|Any CPU
		{9FBB9810-B75D-49E1-8E00-B23A9F22CED3}.Debug|Any CPU.ActiveCfg = Debug|Any CPU
		{9FBB9810-B75D-49E1-8E00-B23A9F22CED3}.Debug|Any CPU.Build.0 = Debug|Any CPU
		{9FBB9810-B75D-49E1-8E00-B23A9F22CED3}.Debug|x64.ActiveCfg = Debug|Any CPU
		{9FBB9810-B75D-49E1-8E00-B23A9F22CED3}.Debug|x64.Build.0 = Debug|Any CPU
		{9FBB9810-B75D-49E1-8E00-B23A9F22CED3}.Debug|x86.ActiveCfg = Debug|Any CPU
		{9FBB9810-B75D-49E1-8E00-B23A9F22CED3}.Debug|x86.Build.0 = Debug|Any CPU
		{9FBB9810-B75D-49E1-8E00-B23A9F22CED3}.Release|Any CPU.ActiveCfg = Release|Any CPU
		{9FBB9810-B75D-49E1-8E00-B23A9F22CED3}.Release|Any CPU.Build.0 = Release|Any CPU
		{9FBB9810-B75D-49E1-8E00-B23A9F22CED3}.Release|x64.ActiveCfg = Release|Any CPU
		{9FBB9810-B75D-49E1-8E00-B23A9F22CED3}.Release|x64.Build.0 = Release|Any CPU
		{9FBB9810-B75D-49E1-8E00-B23A9F22CED3}.Release|x86.ActiveCfg = Release|Any CPU
		{9FBB9810-B75D-49E1-8E00-B23A9F22CED3}.Release|x86.Build.0 = Release|Any CPU
		{E24C4118-1AA4-4902-9965-0893B8746055}.Debug|Any CPU.ActiveCfg = Debug|Any CPU
		{E24C4118-1AA4-4902-9965-0893B8746055}.Debug|Any CPU.Build.0 = Debug|Any CPU
		{E24C4118-1AA4-4902-9965-0893B8746055}.Debug|x64.ActiveCfg = Debug|Any CPU
		{E24C4118-1AA4-4902-9965-0893B8746055}.Debug|x64.Build.0 = Debug|Any CPU
		{E24C4118-1AA4-4902-9965-0893B8746055}.Debug|x86.ActiveCfg = Debug|Any CPU
		{E24C4118-1AA4-4902-9965-0893B8746055}.Debug|x86.Build.0 = Debug|Any CPU
		{E24C4118-1AA4-4902-9965-0893B8746055}.Release|Any CPU.ActiveCfg = Release|Any CPU
		{E24C4118-1AA4-4902-9965-0893B8746055}.Release|Any CPU.Build.0 = Release|Any CPU
		{E24C4118-1AA4-4902-9965-0893B8746055}.Release|x64.ActiveCfg = Release|Any CPU
		{E24C4118-1AA4-4902-9965-0893B8746055}.Release|x64.Build.0 = Release|Any CPU
		{E24C4118-1AA4-4902-9965-0893B8746055}.Release|x86.ActiveCfg = Release|Any CPU
		{E24C4118-1AA4-4902-9965-0893B8746055}.Release|x86.Build.0 = Release|Any CPU
		{02D4B738-A009-4515-A8D8-24F4E0658352}.Debug|Any CPU.ActiveCfg = Debug|Any CPU
		{02D4B738-A009-4515-A8D8-24F4E0658352}.Debug|Any CPU.Build.0 = Debug|Any CPU
		{02D4B738-A009-4515-A8D8-24F4E0658352}.Debug|x64.ActiveCfg = Debug|Any CPU
		{02D4B738-A009-4515-A8D8-24F4E0658352}.Debug|x64.Build.0 = Debug|Any CPU
		{02D4B738-A009-4515-A8D8-24F4E0658352}.Debug|x86.ActiveCfg = Debug|Any CPU
		{02D4B738-A009-4515-A8D8-24F4E0658352}.Debug|x86.Build.0 = Debug|Any CPU
		{02D4B738-A009-4515-A8D8-24F4E0658352}.Release|Any CPU.ActiveCfg = Release|Any CPU
		{02D4B738-A009-4515-A8D8-24F4E0658352}.Release|Any CPU.Build.0 = Release|Any CPU
		{02D4B738-A009-4515-A8D8-24F4E0658352}.Release|x64.ActiveCfg = Release|Any CPU
		{02D4B738-A009-4515-A8D8-24F4E0658352}.Release|x64.Build.0 = Release|Any CPU
		{02D4B738-A009-4515-A8D8-24F4E0658352}.Release|x86.ActiveCfg = Release|Any CPU
		{02D4B738-A009-4515-A8D8-24F4E0658352}.Release|x86.Build.0 = Release|Any CPU
		{541507B4-2CBB-4666-ADAE-ADBD2DB7AD41}.Debug|Any CPU.ActiveCfg = Debug|Any CPU
		{541507B4-2CBB-4666-ADAE-ADBD2DB7AD41}.Debug|Any CPU.Build.0 = Debug|Any CPU
		{541507B4-2CBB-4666-ADAE-ADBD2DB7AD41}.Debug|x64.ActiveCfg = Debug|Any CPU
		{541507B4-2CBB-4666-ADAE-ADBD2DB7AD41}.Debug|x64.Build.0 = Debug|Any CPU
		{541507B4-2CBB-4666-ADAE-ADBD2DB7AD41}.Debug|x86.ActiveCfg = Debug|Any CPU
		{541507B4-2CBB-4666-ADAE-ADBD2DB7AD41}.Debug|x86.Build.0 = Debug|Any CPU
		{541507B4-2CBB-4666-ADAE-ADBD2DB7AD41}.Release|Any CPU.ActiveCfg = Release|Any CPU
		{541507B4-2CBB-4666-ADAE-ADBD2DB7AD41}.Release|Any CPU.Build.0 = Release|Any CPU
		{541507B4-2CBB-4666-ADAE-ADBD2DB7AD41}.Release|x64.ActiveCfg = Release|Any CPU
		{541507B4-2CBB-4666-ADAE-ADBD2DB7AD41}.Release|x64.Build.0 = Release|Any CPU
		{541507B4-2CBB-4666-ADAE-ADBD2DB7AD41}.Release|x86.ActiveCfg = Release|Any CPU
		{541507B4-2CBB-4666-ADAE-ADBD2DB7AD41}.Release|x86.Build.0 = Release|Any CPU
		{3B31E781-8756-4AF9-A285-2F7197DC9053}.Debug|Any CPU.ActiveCfg = Debug|Any CPU
		{3B31E781-8756-4AF9-A285-2F7197DC9053}.Debug|Any CPU.Build.0 = Debug|Any CPU
		{3B31E781-8756-4AF9-A285-2F7197DC9053}.Debug|x64.ActiveCfg = Debug|Any CPU
		{3B31E781-8756-4AF9-A285-2F7197DC9053}.Debug|x64.Build.0 = Debug|Any CPU
		{3B31E781-8756-4AF9-A285-2F7197DC9053}.Debug|x86.ActiveCfg = Debug|Any CPU
		{3B31E781-8756-4AF9-A285-2F7197DC9053}.Debug|x86.Build.0 = Debug|Any CPU
		{3B31E781-8756-4AF9-A285-2F7197DC9053}.Release|Any CPU.ActiveCfg = Release|Any CPU
		{3B31E781-8756-4AF9-A285-2F7197DC9053}.Release|Any CPU.Build.0 = Release|Any CPU
		{3B31E781-8756-4AF9-A285-2F7197DC9053}.Release|x64.ActiveCfg = Release|Any CPU
		{3B31E781-8756-4AF9-A285-2F7197DC9053}.Release|x64.Build.0 = Release|Any CPU
		{3B31E781-8756-4AF9-A285-2F7197DC9053}.Release|x86.ActiveCfg = Release|Any CPU
		{3B31E781-8756-4AF9-A285-2F7197DC9053}.Release|x86.Build.0 = Release|Any CPU
		{3D95CF86-CC2E-4F71-999C-C684FA35D00F}.Debug|Any CPU.ActiveCfg = Debug|Any CPU
		{3D95CF86-CC2E-4F71-999C-C684FA35D00F}.Debug|Any CPU.Build.0 = Debug|Any CPU
		{3D95CF86-CC2E-4F71-999C-C684FA35D00F}.Debug|x64.ActiveCfg = Debug|Any CPU
		{3D95CF86-CC2E-4F71-999C-C684FA35D00F}.Debug|x64.Build.0 = Debug|Any CPU
		{3D95CF86-CC2E-4F71-999C-C684FA35D00F}.Debug|x86.ActiveCfg = Debug|Any CPU
		{3D95CF86-CC2E-4F71-999C-C684FA35D00F}.Debug|x86.Build.0 = Debug|Any CPU
		{3D95CF86-CC2E-4F71-999C-C684FA35D00F}.Release|Any CPU.ActiveCfg = Release|Any CPU
		{3D95CF86-CC2E-4F71-999C-C684FA35D00F}.Release|Any CPU.Build.0 = Release|Any CPU
		{3D95CF86-CC2E-4F71-999C-C684FA35D00F}.Release|x64.ActiveCfg = Release|Any CPU
		{3D95CF86-CC2E-4F71-999C-C684FA35D00F}.Release|x64.Build.0 = Release|Any CPU
		{3D95CF86-CC2E-4F71-999C-C684FA35D00F}.Release|x86.ActiveCfg = Release|Any CPU
		{3D95CF86-CC2E-4F71-999C-C684FA35D00F}.Release|x86.Build.0 = Release|Any CPU
		{A5BEA071-2809-4296-974F-0C9F1BE901EE}.Debug|Any CPU.ActiveCfg = Debug|Any CPU
		{A5BEA071-2809-4296-974F-0C9F1BE901EE}.Debug|Any CPU.Build.0 = Debug|Any CPU
		{A5BEA071-2809-4296-974F-0C9F1BE901EE}.Debug|x64.ActiveCfg = Debug|Any CPU
		{A5BEA071-2809-4296-974F-0C9F1BE901EE}.Debug|x64.Build.0 = Debug|Any CPU
		{A5BEA071-2809-4296-974F-0C9F1BE901EE}.Debug|x86.ActiveCfg = Debug|Any CPU
		{A5BEA071-2809-4296-974F-0C9F1BE901EE}.Debug|x86.Build.0 = Debug|Any CPU
		{A5BEA071-2809-4296-974F-0C9F1BE901EE}.Release|Any CPU.ActiveCfg = Release|Any CPU
		{A5BEA071-2809-4296-974F-0C9F1BE901EE}.Release|Any CPU.Build.0 = Release|Any CPU
		{A5BEA071-2809-4296-974F-0C9F1BE901EE}.Release|x64.ActiveCfg = Release|Any CPU
		{A5BEA071-2809-4296-974F-0C9F1BE901EE}.Release|x64.Build.0 = Release|Any CPU
		{A5BEA071-2809-4296-974F-0C9F1BE901EE}.Release|x86.ActiveCfg = Release|Any CPU
		{A5BEA071-2809-4296-974F-0C9F1BE901EE}.Release|x86.Build.0 = Release|Any CPU
		{56C337E4-435B-4603-B6EB-FBF95216F062}.Debug|Any CPU.ActiveCfg = Debug|Any CPU
		{56C337E4-435B-4603-B6EB-FBF95216F062}.Debug|Any CPU.Build.0 = Debug|Any CPU
		{56C337E4-435B-4603-B6EB-FBF95216F062}.Debug|x64.ActiveCfg = Debug|Any CPU
		{56C337E4-435B-4603-B6EB-FBF95216F062}.Debug|x64.Build.0 = Debug|Any CPU
		{56C337E4-435B-4603-B6EB-FBF95216F062}.Debug|x86.ActiveCfg = Debug|Any CPU
		{56C337E4-435B-4603-B6EB-FBF95216F062}.Debug|x86.Build.0 = Debug|Any CPU
		{56C337E4-435B-4603-B6EB-FBF95216F062}.Release|Any CPU.ActiveCfg = Release|Any CPU
		{56C337E4-435B-4603-B6EB-FBF95216F062}.Release|Any CPU.Build.0 = Release|Any CPU
		{56C337E4-435B-4603-B6EB-FBF95216F062}.Release|x64.ActiveCfg = Release|Any CPU
		{56C337E4-435B-4603-B6EB-FBF95216F062}.Release|x64.Build.0 = Release|Any CPU
		{56C337E4-435B-4603-B6EB-FBF95216F062}.Release|x86.ActiveCfg = Release|Any CPU
		{56C337E4-435B-4603-B6EB-FBF95216F062}.Release|x86.Build.0 = Release|Any CPU
		{C00EFE14-11B2-4039-B5E2-CDBBCEA11D0D}.Debug|Any CPU.ActiveCfg = Debug|Any CPU
		{C00EFE14-11B2-4039-B5E2-CDBBCEA11D0D}.Debug|Any CPU.Build.0 = Debug|Any CPU
		{C00EFE14-11B2-4039-B5E2-CDBBCEA11D0D}.Debug|x64.ActiveCfg = Debug|Any CPU
		{C00EFE14-11B2-4039-B5E2-CDBBCEA11D0D}.Debug|x64.Build.0 = Debug|Any CPU
		{C00EFE14-11B2-4039-B5E2-CDBBCEA11D0D}.Debug|x86.ActiveCfg = Debug|Any CPU
		{C00EFE14-11B2-4039-B5E2-CDBBCEA11D0D}.Debug|x86.Build.0 = Debug|Any CPU
		{C00EFE14-11B2-4039-B5E2-CDBBCEA11D0D}.Release|Any CPU.ActiveCfg = Release|Any CPU
		{C00EFE14-11B2-4039-B5E2-CDBBCEA11D0D}.Release|Any CPU.Build.0 = Release|Any CPU
		{C00EFE14-11B2-4039-B5E2-CDBBCEA11D0D}.Release|x64.ActiveCfg = Release|Any CPU
		{C00EFE14-11B2-4039-B5E2-CDBBCEA11D0D}.Release|x64.Build.0 = Release|Any CPU
		{C00EFE14-11B2-4039-B5E2-CDBBCEA11D0D}.Release|x86.ActiveCfg = Release|Any CPU
		{C00EFE14-11B2-4039-B5E2-CDBBCEA11D0D}.Release|x86.Build.0 = Release|Any CPU
		{3284229A-E38A-4F4B-8FC3-2FD0B1C22DEC}.Debug|Any CPU.ActiveCfg = Debug|Any CPU
		{3284229A-E38A-4F4B-8FC3-2FD0B1C22DEC}.Debug|Any CPU.Build.0 = Debug|Any CPU
		{3284229A-E38A-4F4B-8FC3-2FD0B1C22DEC}.Debug|x64.ActiveCfg = Debug|Any CPU
		{3284229A-E38A-4F4B-8FC3-2FD0B1C22DEC}.Debug|x64.Build.0 = Debug|Any CPU
		{3284229A-E38A-4F4B-8FC3-2FD0B1C22DEC}.Debug|x86.ActiveCfg = Debug|Any CPU
		{3284229A-E38A-4F4B-8FC3-2FD0B1C22DEC}.Debug|x86.Build.0 = Debug|Any CPU
		{3284229A-E38A-4F4B-8FC3-2FD0B1C22DEC}.Release|Any CPU.ActiveCfg = Release|Any CPU
		{3284229A-E38A-4F4B-8FC3-2FD0B1C22DEC}.Release|Any CPU.Build.0 = Release|Any CPU
		{3284229A-E38A-4F4B-8FC3-2FD0B1C22DEC}.Release|x64.ActiveCfg = Release|Any CPU
		{3284229A-E38A-4F4B-8FC3-2FD0B1C22DEC}.Release|x64.Build.0 = Release|Any CPU
		{3284229A-E38A-4F4B-8FC3-2FD0B1C22DEC}.Release|x86.ActiveCfg = Release|Any CPU
		{3284229A-E38A-4F4B-8FC3-2FD0B1C22DEC}.Release|x86.Build.0 = Release|Any CPU
		{FEE6D8F0-7646-4B32-860F-5E5695829BC6}.Debug|Any CPU.ActiveCfg = Debug|Any CPU
		{FEE6D8F0-7646-4B32-860F-5E5695829BC6}.Debug|Any CPU.Build.0 = Debug|Any CPU
		{FEE6D8F0-7646-4B32-860F-5E5695829BC6}.Debug|x64.ActiveCfg = Debug|Any CPU
		{FEE6D8F0-7646-4B32-860F-5E5695829BC6}.Debug|x64.Build.0 = Debug|Any CPU
		{FEE6D8F0-7646-4B32-860F-5E5695829BC6}.Debug|x86.ActiveCfg = Debug|Any CPU
		{FEE6D8F0-7646-4B32-860F-5E5695829BC6}.Debug|x86.Build.0 = Debug|Any CPU
		{FEE6D8F0-7646-4B32-860F-5E5695829BC6}.Release|Any CPU.ActiveCfg = Release|Any CPU
		{FEE6D8F0-7646-4B32-860F-5E5695829BC6}.Release|Any CPU.Build.0 = Release|Any CPU
		{FEE6D8F0-7646-4B32-860F-5E5695829BC6}.Release|x64.ActiveCfg = Release|Any CPU
		{FEE6D8F0-7646-4B32-860F-5E5695829BC6}.Release|x64.Build.0 = Release|Any CPU
		{FEE6D8F0-7646-4B32-860F-5E5695829BC6}.Release|x86.ActiveCfg = Release|Any CPU
		{FEE6D8F0-7646-4B32-860F-5E5695829BC6}.Release|x86.Build.0 = Release|Any CPU
		{93DDA1A8-917E-4DD3-B010-596E96F44432}.Debug|Any CPU.ActiveCfg = Debug|Any CPU
		{93DDA1A8-917E-4DD3-B010-596E96F44432}.Debug|Any CPU.Build.0 = Debug|Any CPU
		{93DDA1A8-917E-4DD3-B010-596E96F44432}.Debug|x64.ActiveCfg = Debug|Any CPU
		{93DDA1A8-917E-4DD3-B010-596E96F44432}.Debug|x64.Build.0 = Debug|Any CPU
		{93DDA1A8-917E-4DD3-B010-596E96F44432}.Debug|x86.ActiveCfg = Debug|Any CPU
		{93DDA1A8-917E-4DD3-B010-596E96F44432}.Debug|x86.Build.0 = Debug|Any CPU
		{93DDA1A8-917E-4DD3-B010-596E96F44432}.Release|Any CPU.ActiveCfg = Release|Any CPU
		{93DDA1A8-917E-4DD3-B010-596E96F44432}.Release|Any CPU.Build.0 = Release|Any CPU
		{93DDA1A8-917E-4DD3-B010-596E96F44432}.Release|x64.ActiveCfg = Release|Any CPU
		{93DDA1A8-917E-4DD3-B010-596E96F44432}.Release|x64.Build.0 = Release|Any CPU
		{93DDA1A8-917E-4DD3-B010-596E96F44432}.Release|x86.ActiveCfg = Release|Any CPU
		{93DDA1A8-917E-4DD3-B010-596E96F44432}.Release|x86.Build.0 = Release|Any CPU
		{DBD166B0-B6C2-4F13-9061-2BFBD9EBA1F6}.Debug|Any CPU.ActiveCfg = Debug|Any CPU
		{DBD166B0-B6C2-4F13-9061-2BFBD9EBA1F6}.Debug|Any CPU.Build.0 = Debug|Any CPU
		{DBD166B0-B6C2-4F13-9061-2BFBD9EBA1F6}.Debug|x64.ActiveCfg = Debug|Any CPU
		{DBD166B0-B6C2-4F13-9061-2BFBD9EBA1F6}.Debug|x64.Build.0 = Debug|Any CPU
		{DBD166B0-B6C2-4F13-9061-2BFBD9EBA1F6}.Debug|x86.ActiveCfg = Debug|Any CPU
		{DBD166B0-B6C2-4F13-9061-2BFBD9EBA1F6}.Debug|x86.Build.0 = Debug|Any CPU
		{DBD166B0-B6C2-4F13-9061-2BFBD9EBA1F6}.Release|Any CPU.ActiveCfg = Release|Any CPU
		{DBD166B0-B6C2-4F13-9061-2BFBD9EBA1F6}.Release|Any CPU.Build.0 = Release|Any CPU
		{DBD166B0-B6C2-4F13-9061-2BFBD9EBA1F6}.Release|x64.ActiveCfg = Release|Any CPU
		{DBD166B0-B6C2-4F13-9061-2BFBD9EBA1F6}.Release|x64.Build.0 = Release|Any CPU
		{DBD166B0-B6C2-4F13-9061-2BFBD9EBA1F6}.Release|x86.ActiveCfg = Release|Any CPU
		{DBD166B0-B6C2-4F13-9061-2BFBD9EBA1F6}.Release|x86.Build.0 = Release|Any CPU
		{911ACFA8-5569-4984-8F4D-E5525532789E}.Debug|Any CPU.ActiveCfg = Debug|Any CPU
		{911ACFA8-5569-4984-8F4D-E5525532789E}.Debug|Any CPU.Build.0 = Debug|Any CPU
		{911ACFA8-5569-4984-8F4D-E5525532789E}.Debug|x64.ActiveCfg = Debug|Any CPU
		{911ACFA8-5569-4984-8F4D-E5525532789E}.Debug|x64.Build.0 = Debug|Any CPU
		{911ACFA8-5569-4984-8F4D-E5525532789E}.Debug|x86.ActiveCfg = Debug|Any CPU
		{911ACFA8-5569-4984-8F4D-E5525532789E}.Debug|x86.Build.0 = Debug|Any CPU
		{911ACFA8-5569-4984-8F4D-E5525532789E}.Release|Any CPU.ActiveCfg = Release|Any CPU
		{911ACFA8-5569-4984-8F4D-E5525532789E}.Release|Any CPU.Build.0 = Release|Any CPU
		{911ACFA8-5569-4984-8F4D-E5525532789E}.Release|x64.ActiveCfg = Release|Any CPU
		{911ACFA8-5569-4984-8F4D-E5525532789E}.Release|x64.Build.0 = Release|Any CPU
		{911ACFA8-5569-4984-8F4D-E5525532789E}.Release|x86.ActiveCfg = Release|Any CPU
		{911ACFA8-5569-4984-8F4D-E5525532789E}.Release|x86.Build.0 = Release|Any CPU
		{E5F7DD9B-175B-4545-B99F-E4949A9FB5CA}.Debug|Any CPU.ActiveCfg = Debug|Any CPU
		{E5F7DD9B-175B-4545-B99F-E4949A9FB5CA}.Debug|Any CPU.Build.0 = Debug|Any CPU
		{E5F7DD9B-175B-4545-B99F-E4949A9FB5CA}.Debug|x64.ActiveCfg = Debug|Any CPU
		{E5F7DD9B-175B-4545-B99F-E4949A9FB5CA}.Debug|x64.Build.0 = Debug|Any CPU
		{E5F7DD9B-175B-4545-B99F-E4949A9FB5CA}.Debug|x86.ActiveCfg = Debug|Any CPU
		{E5F7DD9B-175B-4545-B99F-E4949A9FB5CA}.Debug|x86.Build.0 = Debug|Any CPU
		{E5F7DD9B-175B-4545-B99F-E4949A9FB5CA}.Release|Any CPU.ActiveCfg = Release|Any CPU
		{E5F7DD9B-175B-4545-B99F-E4949A9FB5CA}.Release|Any CPU.Build.0 = Release|Any CPU
		{E5F7DD9B-175B-4545-B99F-E4949A9FB5CA}.Release|x64.ActiveCfg = Release|Any CPU
		{E5F7DD9B-175B-4545-B99F-E4949A9FB5CA}.Release|x64.Build.0 = Release|Any CPU
		{E5F7DD9B-175B-4545-B99F-E4949A9FB5CA}.Release|x86.ActiveCfg = Release|Any CPU
		{E5F7DD9B-175B-4545-B99F-E4949A9FB5CA}.Release|x86.Build.0 = Release|Any CPU
	EndGlobalSection
	GlobalSection(SolutionProperties) = preSolution
		HideSolutionNode = FALSE
	EndGlobalSection
	GlobalSection(NestedProjects) = preSolution
		{90298CBA-BD6F-3A0A-69D5-97CAD7B05E7E} = {827E0CD3-B72D-47B6-A68D-7590B98EB39B}
		{F8284A3B-6172-4543-FC74-2C149A4C2E29} = {90298CBA-BD6F-3A0A-69D5-97CAD7B05E7E}
		{024870C8-119A-49E2-92FB-5733D24C1A80} = {F8284A3B-6172-4543-FC74-2C149A4C2E29}
		{271D92D8-B6D4-46C6-BEB8-CC66601AD9C1} = {F8284A3B-6172-4543-FC74-2C149A4C2E29}
		{9FBB9810-B75D-49E1-8E00-B23A9F22CED3} = {F8284A3B-6172-4543-FC74-2C149A4C2E29}
		{E24C4118-1AA4-4902-9965-0893B8746055} = {F8284A3B-6172-4543-FC74-2C149A4C2E29}
		{02D4B738-A009-4515-A8D8-24F4E0658352} = {F8284A3B-6172-4543-FC74-2C149A4C2E29}
		{984BB9B3-3FA3-BE33-9484-CAC21695A33C} = {827E0CD3-B72D-47B6-A68D-7590B98EB39B}
		{B0ED8887-1092-5A1A-EC04-2B6B0F6E9C33} = {984BB9B3-3FA3-BE33-9484-CAC21695A33C}
		{541507B4-2CBB-4666-ADAE-ADBD2DB7AD41} = {B0ED8887-1092-5A1A-EC04-2B6B0F6E9C33}
		{3B31E781-8756-4AF9-A285-2F7197DC9053} = {B0ED8887-1092-5A1A-EC04-2B6B0F6E9C33}
		{3D95CF86-CC2E-4F71-999C-C684FA35D00F} = {B0ED8887-1092-5A1A-EC04-2B6B0F6E9C33}
		{A5BEA071-2809-4296-974F-0C9F1BE901EE} = {B0ED8887-1092-5A1A-EC04-2B6B0F6E9C33}
		{56C337E4-435B-4603-B6EB-FBF95216F062} = {B0ED8887-1092-5A1A-EC04-2B6B0F6E9C33}
		{C00EFE14-11B2-4039-B5E2-CDBBCEA11D0D} = {B0ED8887-1092-5A1A-EC04-2B6B0F6E9C33}
		{3284229A-E38A-4F4B-8FC3-2FD0B1C22DEC} = {B0ED8887-1092-5A1A-EC04-2B6B0F6E9C33}
		{FEE6D8F0-7646-4B32-860F-5E5695829BC6} = {B0ED8887-1092-5A1A-EC04-2B6B0F6E9C33}
		{93DDA1A8-917E-4DD3-B010-596E96F44432} = {B0ED8887-1092-5A1A-EC04-2B6B0F6E9C33}
		{FE5F7021-A3C9-35C7-FF50-8DA81625868E} = {827E0CD3-B72D-47B6-A68D-7590B98EB39B}
		{08385EEE-2777-6EBF-B640-5DBB7061E646} = {FE5F7021-A3C9-35C7-FF50-8DA81625868E}
		{DBD166B0-B6C2-4F13-9061-2BFBD9EBA1F6} = {08385EEE-2777-6EBF-B640-5DBB7061E646}
		{911ACFA8-5569-4984-8F4D-E5525532789E} = {08385EEE-2777-6EBF-B640-5DBB7061E646}
		{E5F7DD9B-175B-4545-B99F-E4949A9FB5CA} = {08385EEE-2777-6EBF-B640-5DBB7061E646}
	EndGlobalSection
EndGlobal
